// !$*UTF8*$!
{
	archiveVersion = 1;
	classes = {
	};
	objectVersion = 46;
	objects = {

/* Begin PBXBuildFile section */
		0091D8F90E81B9330029341E /* OpenGL.framework in Frameworks */ = {isa = PBXBuildFile; fileRef = 0091D8F80E81B9330029341E /* OpenGL.framework */; };
		00B784B30FF439BC000DE1D7 /* Accelerate.framework in Frameworks */ = {isa = PBXBuildFile; fileRef = 00B784AF0FF439BC000DE1D7 /* Accelerate.framework */; };
		00B784B40FF439BC000DE1D7 /* AudioToolbox.framework in Frameworks */ = {isa = PBXBuildFile; fileRef = 00B784B00FF439BC000DE1D7 /* AudioToolbox.framework */; };
		00B784B50FF439BC000DE1D7 /* AudioUnit.framework in Frameworks */ = {isa = PBXBuildFile; fileRef = 00B784B10FF439BC000DE1D7 /* AudioUnit.framework */; };
		00B784B60FF439BC000DE1D7 /* CoreAudio.framework in Frameworks */ = {isa = PBXBuildFile; fileRef = 00B784B20FF439BC000DE1D7 /* CoreAudio.framework */; };
		2591A17645B047E2AB32336D /* OscOutboundPacketStream.cpp in Sources */ = {isa = PBXBuildFile; fileRef = 6E3FC956DDF5469A8A877E7C /* OscOutboundPacketStream.cpp */; };
		376DF0B0C7C64F16A5642D58 /* NetworkingUtils.cpp in Sources */ = {isa = PBXBuildFile; fileRef = 959A07F66ADA49A8ABC3E523 /* NetworkingUtils.cpp */; };
		4EE9BA91DD05494AB9C721E7 /* OscSender.cpp in Sources */ = {isa = PBXBuildFile; fileRef = 548A9D9025384463BB25DFDC /* OscSender.cpp */; };
		5323E6B20EAFCA74003A9687 /* CoreVideo.framework in Frameworks */ = {isa = PBXBuildFile; fileRef = 5323E6B10EAFCA74003A9687 /* CoreVideo.framework */; };
		5323E6B60EAFCA7E003A9687 /* QTKit.framework in Frameworks */ = {isa = PBXBuildFile; fileRef = 5323E6B50EAFCA7E003A9687 /* QTKit.framework */; };
		55CE845CD41241FFBA2D167A /* OscReceivedElements.cpp in Sources */ = {isa = PBXBuildFile; fileRef = 1C715C47E4944430A207307E /* OscReceivedElements.cpp */; };
		5F096BF9EB1F4AF68ECA0E59 /* OscBundle.cpp in Sources */ = {isa = PBXBuildFile; fileRef = B74804B6DFF84880B1593269 /* OscBundle.cpp */; };
		661EB817593446629B6DAF19 /* AudioAnalysisOSCApp.cpp in Sources */ = {isa = PBXBuildFile; fileRef = 79BC243D4AD44090A4DE7D9A /* AudioAnalysisOSCApp.cpp */; };
		822DB89ECE1740E1BCEE18D4 /* OscMessage.cpp in Sources */ = {isa = PBXBuildFile; fileRef = 1C61D5A7D5B5484CAF5F1923 /* OscMessage.cpp */; };
		8B50352D93654AE19DBC9AAD /* OscListener.cpp in Sources */ = {isa = PBXBuildFile; fileRef = 19E1E4BB191D4B7786F100DA /* OscListener.cpp */; };
		8D11072F0486CEB800E47090 /* Cocoa.framework in Frameworks */ = {isa = PBXBuildFile; fileRef = 1058C7A1FEA54F0111CA2CBB /* Cocoa.framework */; };
		AAC29868611B4BF4B3431010 /* OscPrintReceivedElements.cpp in Sources */ = {isa = PBXBuildFile; fileRef = 494C028CA81A4271BD2C8576 /* OscPrintReceivedElements.cpp */; };
		B21EDF87FC3F42C0B24030A9 /* UdpSocket.cpp in Sources */ = {isa = PBXBuildFile; fileRef = CFDD9B525AE3402C91545CFC /* UdpSocket.cpp */; };
		E0A7252249B24A37B65F4869 /* CinderApp.icns in Resources */ = {isa = PBXBuildFile; fileRef = CF9EEF96D754439DA14EEA1C /* CinderApp.icns */; };
		E499649641AE451088768035 /* OscTypes.cpp in Sources */ = {isa = PBXBuildFile; fileRef = 9791CB651F024BD792116580 /* OscTypes.cpp */; };
		FB623705A8FD412497CCD2F4 /* IpEndpointName.cpp in Sources */ = {isa = PBXBuildFile; fileRef = AC9132844D154223A008ADF3 /* IpEndpointName.cpp */; };
/* End PBXBuildFile section */

/* Begin PBXFileReference section */
		0091D8F80E81B9330029341E /* OpenGL.framework */ = {isa = PBXFileReference; lastKnownFileType = wrapper.framework; name = OpenGL.framework; path = /System/Library/Frameworks/OpenGL.framework; sourceTree = "<absolute>"; };
		00B784AF0FF439BC000DE1D7 /* Accelerate.framework */ = {isa = PBXFileReference; lastKnownFileType = wrapper.framework; name = Accelerate.framework; path = System/Library/Frameworks/Accelerate.framework; sourceTree = SDKROOT; };
		00B784B00FF439BC000DE1D7 /* AudioToolbox.framework */ = {isa = PBXFileReference; lastKnownFileType = wrapper.framework; name = AudioToolbox.framework; path = System/Library/Frameworks/AudioToolbox.framework; sourceTree = SDKROOT; };
		00B784B10FF439BC000DE1D7 /* AudioUnit.framework */ = {isa = PBXFileReference; lastKnownFileType = wrapper.framework; name = AudioUnit.framework; path = System/Library/Frameworks/AudioUnit.framework; sourceTree = SDKROOT; };
		00B784B20FF439BC000DE1D7 /* CoreAudio.framework */ = {isa = PBXFileReference; lastKnownFileType = wrapper.framework; name = CoreAudio.framework; path = System/Library/Frameworks/CoreAudio.framework; sourceTree = SDKROOT; };
		01111D5515D4422B9A1C24FC /* AudioAnalysisOSC_Prefix.pch */ = {isa = PBXFileReference; lastKnownFileType = "\"\""; path = AudioAnalysisOSC_Prefix.pch; sourceTree = "<group>"; };
		05A0C66438734F8490D42478 /* Info.plist */ = {isa = PBXFileReference; lastKnownFileType = text.plist.xml; path = Info.plist; sourceTree = "<group>"; };
		0E3EC801AC3547D4838C0AE5 /* NetworkingUtils.h */ = {isa = PBXFileReference; lastKnownFileType = sourcecode.c.h; name = NetworkingUtils.h; path = ../../../cinder_0.8.5_mac/blocks/OSC/src/ip/NetworkingUtils.h; sourceTree = "<group>"; };
		1058C7A1FEA54F0111CA2CBB /* Cocoa.framework */ = {isa = PBXFileReference; lastKnownFileType = wrapper.framework; name = Cocoa.framework; path = /System/Library/Frameworks/Cocoa.framework; sourceTree = "<absolute>"; };
		19E1E4BB191D4B7786F100DA /* OscListener.cpp */ = {isa = PBXFileReference; lastKnownFileType = sourcecode.c.cpp; name = OscListener.cpp; path = ../../../cinder_0.8.5_mac/blocks/OSC/src/OscListener.cpp; sourceTree = "<group>"; };
		1B1F2CBBA607445CBBA3B38C /* IpEndpointName.h */ = {isa = PBXFileReference; lastKnownFileType = sourcecode.c.h; name = IpEndpointName.h; path = ../../../cinder_0.8.5_mac/blocks/OSC/src/ip/IpEndpointName.h; sourceTree = "<group>"; };
		1C61D5A7D5B5484CAF5F1923 /* OscMessage.cpp */ = {isa = PBXFileReference; lastKnownFileType = sourcecode.c.cpp; name = OscMessage.cpp; path = ../../../cinder_0.8.5_mac/blocks/OSC/src/OscMessage.cpp; sourceTree = "<group>"; };
		1C715C47E4944430A207307E /* OscReceivedElements.cpp */ = {isa = PBXFileReference; lastKnownFileType = sourcecode.c.cpp; name = OscReceivedElements.cpp; path = ../../../cinder_0.8.5_mac/blocks/OSC/src/osc/OscReceivedElements.cpp; sourceTree = "<group>"; };
		29B97324FDCFA39411CA2CEA /* AppKit.framework */ = {isa = PBXFileReference; lastKnownFileType = wrapper.framework; name = AppKit.framework; path = /System/Library/Frameworks/AppKit.framework; sourceTree = "<absolute>"; };
		29B97325FDCFA39411CA2CEA /* Foundation.framework */ = {isa = PBXFileReference; lastKnownFileType = wrapper.framework; name = Foundation.framework; path = /System/Library/Frameworks/Foundation.framework; sourceTree = "<absolute>"; };
		30D3B3EEEDD441E9B708F6DB /* OscReceivedElements.h */ = {isa = PBXFileReference; lastKnownFileType = sourcecode.c.h; name = OscReceivedElements.h; path = ../../../cinder_0.8.5_mac/blocks/OSC/src/osc/OscReceivedElements.h; sourceTree = "<group>"; };
		494C028CA81A4271BD2C8576 /* OscPrintReceivedElements.cpp */ = {isa = PBXFileReference; lastKnownFileType = sourcecode.c.cpp; name = OscPrintReceivedElements.cpp; path = ../../../cinder_0.8.5_mac/blocks/OSC/src/osc/OscPrintReceivedElements.cpp; sourceTree = "<group>"; };
		50FE9EBC6C504AFEBEE9D4CC /* UdpSocket.h */ = {isa = PBXFileReference; lastKnownFileType = sourcecode.c.h; name = UdpSocket.h; path = ../../../cinder_0.8.5_mac/blocks/OSC/src/ip/UdpSocket.h; sourceTree = "<group>"; };
		5323E6B10EAFCA74003A9687 /* CoreVideo.framework */ = {isa = PBXFileReference; lastKnownFileType = wrapper.framework; name = CoreVideo.framework; path = /System/Library/Frameworks/CoreVideo.framework; sourceTree = "<absolute>"; };
		5323E6B50EAFCA7E003A9687 /* QTKit.framework */ = {isa = PBXFileReference; lastKnownFileType = wrapper.framework; name = QTKit.framework; path = /System/Library/Frameworks/QTKit.framework; sourceTree = "<absolute>"; };
		548A9D9025384463BB25DFDC /* OscSender.cpp */ = {isa = PBXFileReference; lastKnownFileType = sourcecode.c.cpp; name = OscSender.cpp; path = ../../../cinder_0.8.5_mac/blocks/OSC/src/OscSender.cpp; sourceTree = "<group>"; };
		57283959DCB145B1AC95663E /* OscListener.h */ = {isa = PBXFileReference; lastKnownFileType = sourcecode.c.h; name = OscListener.h; path = ../../../cinder_0.8.5_mac/blocks/OSC/src/OscListener.h; sourceTree = "<group>"; };
		5861D91217814A7BB51F5D00 /* OscHostEndianness.h */ = {isa = PBXFileReference; lastKnownFileType = sourcecode.c.h; name = OscHostEndianness.h; path = ../../../cinder_0.8.5_mac/blocks/OSC/src/osc/OscHostEndianness.h; sourceTree = "<group>"; };
		69E2C87800AD42888ABDD538 /* TimerListener.h */ = {isa = PBXFileReference; lastKnownFileType = sourcecode.c.h; name = TimerListener.h; path = ../../../cinder_0.8.5_mac/blocks/OSC/src/ip/TimerListener.h; sourceTree = "<group>"; };
		6E3FC956DDF5469A8A877E7C /* OscOutboundPacketStream.cpp */ = {isa = PBXFileReference; lastKnownFileType = sourcecode.c.cpp; name = OscOutboundPacketStream.cpp; path = ../../../cinder_0.8.5_mac/blocks/OSC/src/osc/OscOutboundPacketStream.cpp; sourceTree = "<group>"; };
		748A64CB611748A39133B412 /* OscException.h */ = {isa = PBXFileReference; lastKnownFileType = sourcecode.c.h; name = OscException.h; path = ../../../cinder_0.8.5_mac/blocks/OSC/src/osc/OscException.h; sourceTree = "<group>"; };
		79BC243D4AD44090A4DE7D9A /* AudioAnalysisOSCApp.cpp */ = {isa = PBXFileReference; lastKnownFileType = sourcecode.c.cpp; name = AudioAnalysisOSCApp.cpp; path = ../src/AudioAnalysisOSCApp.cpp; sourceTree = "<group>"; };
		83800C5867B64FE7AD127499 /* OscMessage.h */ = {isa = PBXFileReference; lastKnownFileType = sourcecode.c.h; name = OscMessage.h; path = ../../../cinder_0.8.5_mac/blocks/OSC/src/OscMessage.h; sourceTree = "<group>"; };
		8B372BDC790A44CD85388FAA /* OscArg.h */ = {isa = PBXFileReference; lastKnownFileType = sourcecode.c.h; name = OscArg.h; path = ../../../cinder_0.8.5_mac/blocks/OSC/src/OscArg.h; sourceTree = "<group>"; };
		8D1107320486CEB800E47090 /* AudioAnalysisOSC.app */ = {isa = PBXFileReference; explicitFileType = wrapper.application; includeInIndex = 0; path = AudioAnalysisOSC.app; sourceTree = BUILT_PRODUCTS_DIR; };
		959A07F66ADA49A8ABC3E523 /* NetworkingUtils.cpp */ = {isa = PBXFileReference; lastKnownFileType = sourcecode.c.cpp; name = NetworkingUtils.cpp; path = ../../../cinder_0.8.5_mac/blocks/OSC/src/ip/posix/NetworkingUtils.cpp; sourceTree = "<group>"; };
		9791CB651F024BD792116580 /* OscTypes.cpp */ = {isa = PBXFileReference; lastKnownFileType = sourcecode.c.cpp; name = OscTypes.cpp; path = ../../../cinder_0.8.5_mac/blocks/OSC/src/osc/OscTypes.cpp; sourceTree = "<group>"; };
		AC9132844D154223A008ADF3 /* IpEndpointName.cpp */ = {isa = PBXFileReference; lastKnownFileType = sourcecode.c.cpp; name = IpEndpointName.cpp; path = ../../../cinder_0.8.5_mac/blocks/OSC/src/ip/IpEndpointName.cpp; sourceTree = "<group>"; };
		B034B9DCA1CC4B86B3C1B442 /* OscBundle.h */ = {isa = PBXFileReference; lastKnownFileType = sourcecode.c.h; name = OscBundle.h; path = ../../../cinder_0.8.5_mac/blocks/OSC/src/OscBundle.h; sourceTree = "<group>"; };
		B1DB92A75C8E440A847F6453 /* PacketListener.h */ = {isa = PBXFileReference; lastKnownFileType = sourcecode.c.h; name = PacketListener.h; path = ../../../cinder_0.8.5_mac/blocks/OSC/src/ip/PacketListener.h; sourceTree = "<group>"; };
		B74804B6DFF84880B1593269 /* OscBundle.cpp */ = {isa = PBXFileReference; lastKnownFileType = sourcecode.c.cpp; name = OscBundle.cpp; path = ../../../cinder_0.8.5_mac/blocks/OSC/src/OscBundle.cpp; sourceTree = "<group>"; };
		C450DC59DD7E4CE4AEC2495F /* OscTypes.h */ = {isa = PBXFileReference; lastKnownFileType = sourcecode.c.h; name = OscTypes.h; path = ../../../cinder_0.8.5_mac/blocks/OSC/src/osc/OscTypes.h; sourceTree = "<group>"; };
		CF9EEF96D754439DA14EEA1C /* CinderApp.icns */ = {isa = PBXFileReference; lastKnownFileType = image.icns; name = CinderApp.icns; path = ../resources/CinderApp.icns; sourceTree = "<group>"; };
		CFDD9B525AE3402C91545CFC /* UdpSocket.cpp */ = {isa = PBXFileReference; lastKnownFileType = sourcecode.c.cpp; name = UdpSocket.cpp; path = ../../../cinder_0.8.5_mac/blocks/OSC/src/ip/posix/UdpSocket.cpp; sourceTree = "<group>"; };
		D774C8A8A7194A24B04D91EC /* OscPrintReceivedElements.h */ = {isa = PBXFileReference; lastKnownFileType = sourcecode.c.h; name = OscPrintReceivedElements.h; path = ../../../cinder_0.8.5_mac/blocks/OSC/src/osc/OscPrintReceivedElements.h; sourceTree = "<group>"; };
		D8E6F5B908AA4CA8A2E80D6A /* OscOutboundPacketStream.h */ = {isa = PBXFileReference; lastKnownFileType = sourcecode.c.h; name = OscOutboundPacketStream.h; path = ../../../cinder_0.8.5_mac/blocks/OSC/src/osc/OscOutboundPacketStream.h; sourceTree = "<group>"; };
		E2C1702EE55241AEB1930E0C /* MessageMappingOscPacketListener.h */ = {isa = PBXFileReference; lastKnownFileType = sourcecode.c.h; name = MessageMappingOscPacketListener.h; path = ../../../cinder_0.8.5_mac/blocks/OSC/src/osc/MessageMappingOscPacketListener.h; sourceTree = "<group>"; };
		E8F57C2CE7D54111906DE040 /* OscPacketListener.h */ = {isa = PBXFileReference; lastKnownFileType = sourcecode.c.h; name = OscPacketListener.h; path = ../../../cinder_0.8.5_mac/blocks/OSC/src/osc/OscPacketListener.h; sourceTree = "<group>"; };
		F2A246C1E92C43D7BB2F9C56 /* OscSender.h */ = {isa = PBXFileReference; lastKnownFileType = sourcecode.c.h; name = OscSender.h; path = ../../../cinder_0.8.5_mac/blocks/OSC/src/OscSender.h; sourceTree = "<group>"; };
		FE2251EA3AAC43159BA9565A /* Resources.h */ = {isa = PBXFileReference; lastKnownFileType = sourcecode.c.h; name = Resources.h; path = ../include/Resources.h; sourceTree = "<group>"; };
/* End PBXFileReference section */

/* Begin PBXFrameworksBuildPhase section */
		8D11072E0486CEB800E47090 /* Frameworks */ = {
			isa = PBXFrameworksBuildPhase;
			buildActionMask = 2147483647;
			files = (
				8D11072F0486CEB800E47090 /* Cocoa.framework in Frameworks */,
				0091D8F90E81B9330029341E /* OpenGL.framework in Frameworks */,
				5323E6B20EAFCA74003A9687 /* CoreVideo.framework in Frameworks */,
				5323E6B60EAFCA7E003A9687 /* QTKit.framework in Frameworks */,
				00B784B30FF439BC000DE1D7 /* Accelerate.framework in Frameworks */,
				00B784B40FF439BC000DE1D7 /* AudioToolbox.framework in Frameworks */,
				00B784B50FF439BC000DE1D7 /* AudioUnit.framework in Frameworks */,
				00B784B60FF439BC000DE1D7 /* CoreAudio.framework in Frameworks */,
			);
			runOnlyForDeploymentPostprocessing = 0;
		};
/* End PBXFrameworksBuildPhase section */

/* Begin PBXGroup section */
		01B97315FEAEA392516A2CEA /* Blocks */ = {
			isa = PBXGroup;
			children = (
				91F77620BB614B6F80D58A0D /* OSC */,
			);
			name = Blocks;
			sourceTree = "<group>";
		};
		080E96DDFE201D6D7F000001 /* Source */ = {
			isa = PBXGroup;
			children = (
				79BC243D4AD44090A4DE7D9A /* AudioAnalysisOSCApp.cpp */,
			);
			name = Source;
			sourceTree = "<group>";
		};
		1058C7A0FEA54F0111CA2CBB /* Linked Frameworks */ = {
			isa = PBXGroup;
			children = (
				00B784AF0FF439BC000DE1D7 /* Accelerate.framework */,
				00B784B00FF439BC000DE1D7 /* AudioToolbox.framework */,
				00B784B10FF439BC000DE1D7 /* AudioUnit.framework */,
				00B784B20FF439BC000DE1D7 /* CoreAudio.framework */,
				5323E6B50EAFCA7E003A9687 /* QTKit.framework */,
				5323E6B10EAFCA74003A9687 /* CoreVideo.framework */,
				0091D8F80E81B9330029341E /* OpenGL.framework */,
				1058C7A1FEA54F0111CA2CBB /* Cocoa.framework */,
			);
			name = "Linked Frameworks";
			sourceTree = "<group>";
		};
		1058C7A2FEA54F0111CA2CBB /* Other Frameworks */ = {
			isa = PBXGroup;
			children = (
				29B97324FDCFA39411CA2CEA /* AppKit.framework */,
				29B97325FDCFA39411CA2CEA /* Foundation.framework */,
			);
			name = "Other Frameworks";
			sourceTree = "<group>";
		};
		188322523B8640D78AD37770 /* src */ = {
			isa = PBXGroup;
			children = (
				B74804B6DFF84880B1593269 /* OscBundle.cpp */,
				19E1E4BB191D4B7786F100DA /* OscListener.cpp */,
				1C61D5A7D5B5484CAF5F1923 /* OscMessage.cpp */,
				548A9D9025384463BB25DFDC /* OscSender.cpp */,
				A33AE437F5AC436D8462CFD4 /* ip */,
				B615E37F003C44DF8C3E7493 /* osc */,
				8B372BDC790A44CD85388FAA /* OscArg.h */,
				B034B9DCA1CC4B86B3C1B442 /* OscBundle.h */,
				57283959DCB145B1AC95663E /* OscListener.h */,
				83800C5867B64FE7AD127499 /* OscMessage.h */,
				F2A246C1E92C43D7BB2F9C56 /* OscSender.h */,
			);
			name = src;
			sourceTree = "<group>";
		};
		19C28FACFE9D520D11CA2CBB /* Products */ = {
			isa = PBXGroup;
			children = (
				8D1107320486CEB800E47090 /* AudioAnalysisOSC.app */,
			);
			name = Products;
			sourceTree = "<group>";
		};
		29B97314FDCFA39411CA2CEA /* AudioAnalysisOSC */ = {
			isa = PBXGroup;
			children = (
				01B97315FEAEA392516A2CEA /* Blocks */,
				29B97315FDCFA39411CA2CEA /* Headers */,
				080E96DDFE201D6D7F000001 /* Source */,
				29B97317FDCFA39411CA2CEA /* Resources */,
				29B97323FDCFA39411CA2CEA /* Frameworks */,
				19C28FACFE9D520D11CA2CBB /* Products */,
			);
			name = AudioAnalysisOSC;
			sourceTree = "<group>";
		};
		29B97315FDCFA39411CA2CEA /* Headers */ = {
			isa = PBXGroup;
			children = (
				FE2251EA3AAC43159BA9565A /* Resources.h */,
				01111D5515D4422B9A1C24FC /* AudioAnalysisOSC_Prefix.pch */,
			);
			name = Headers;
			sourceTree = "<group>";
		};
		29B97317FDCFA39411CA2CEA /* Resources */ = {
			isa = PBXGroup;
			children = (
				CF9EEF96D754439DA14EEA1C /* CinderApp.icns */,
				05A0C66438734F8490D42478 /* Info.plist */,
			);
			name = Resources;
			sourceTree = "<group>";
		};
		29B97323FDCFA39411CA2CEA /* Frameworks */ = {
			isa = PBXGroup;
			children = (
				1058C7A0FEA54F0111CA2CBB /* Linked Frameworks */,
				1058C7A2FEA54F0111CA2CBB /* Other Frameworks */,
			);
			name = Frameworks;
			sourceTree = "<group>";
		};
		91F77620BB614B6F80D58A0D /* OSC */ = {
			isa = PBXGroup;
			children = (
				188322523B8640D78AD37770 /* src */,
			);
			name = OSC;
			sourceTree = "<group>";
		};
		9247190370474E6BB0014E5F /* posix */ = {
			isa = PBXGroup;
			children = (
				959A07F66ADA49A8ABC3E523 /* NetworkingUtils.cpp */,
				CFDD9B525AE3402C91545CFC /* UdpSocket.cpp */,
			);
			name = posix;
			sourceTree = "<group>";
		};
		A33AE437F5AC436D8462CFD4 /* ip */ = {
			isa = PBXGroup;
			children = (
				AC9132844D154223A008ADF3 /* IpEndpointName.cpp */,
				1B1F2CBBA607445CBBA3B38C /* IpEndpointName.h */,
				0E3EC801AC3547D4838C0AE5 /* NetworkingUtils.h */,
				B1DB92A75C8E440A847F6453 /* PacketListener.h */,
				69E2C87800AD42888ABDD538 /* TimerListener.h */,
				50FE9EBC6C504AFEBEE9D4CC /* UdpSocket.h */,
				9247190370474E6BB0014E5F /* posix */,
			);
			name = ip;
			sourceTree = "<group>";
		};
		B615E37F003C44DF8C3E7493 /* osc */ = {
			isa = PBXGroup;
			children = (
				6E3FC956DDF5469A8A877E7C /* OscOutboundPacketStream.cpp */,
				494C028CA81A4271BD2C8576 /* OscPrintReceivedElements.cpp */,
				1C715C47E4944430A207307E /* OscReceivedElements.cpp */,
				9791CB651F024BD792116580 /* OscTypes.cpp */,
				E2C1702EE55241AEB1930E0C /* MessageMappingOscPacketListener.h */,
				748A64CB611748A39133B412 /* OscException.h */,
				5861D91217814A7BB51F5D00 /* OscHostEndianness.h */,
				D8E6F5B908AA4CA8A2E80D6A /* OscOutboundPacketStream.h */,
				E8F57C2CE7D54111906DE040 /* OscPacketListener.h */,
				D774C8A8A7194A24B04D91EC /* OscPrintReceivedElements.h */,
				30D3B3EEEDD441E9B708F6DB /* OscReceivedElements.h */,
				C450DC59DD7E4CE4AEC2495F /* OscTypes.h */,
			);
			name = osc;
			sourceTree = "<group>";
		};
/* End PBXGroup section */

/* Begin PBXNativeTarget section */
		8D1107260486CEB800E47090 /* AudioAnalysisOSC */ = {
			isa = PBXNativeTarget;
			buildConfigurationList = C01FCF4A08A954540054247B /* Build configuration list for PBXNativeTarget "AudioAnalysisOSC" */;
			buildPhases = (
				8D1107290486CEB800E47090 /* Resources */,
				8D11072C0486CEB800E47090 /* Sources */,
				8D11072E0486CEB800E47090 /* Frameworks */,
			);
			buildRules = (
			);
			dependencies = (
			);
			name = AudioAnalysisOSC;
			productInstallPath = "$(HOME)/Applications";
			productName = AudioAnalysisOSC;
			productReference = 8D1107320486CEB800E47090 /* AudioAnalysisOSC.app */;
			productType = "com.apple.product-type.application";
		};
/* End PBXNativeTarget section */

/* Begin PBXProject section */
		29B97313FDCFA39411CA2CEA /* Project object */ = {
			isa = PBXProject;
			attributes = {
				LastUpgradeCheck = 0500;
			};
			buildConfigurationList = C01FCF4E08A954540054247B /* Build configuration list for PBXProject "AudioAnalysisOSC" */;
			compatibilityVersion = "Xcode 3.2";
			developmentRegion = English;
			hasScannedForEncodings = 1;
			knownRegions = (
				English,
				Japanese,
				French,
				German,
			);
			mainGroup = 29B97314FDCFA39411CA2CEA /* AudioAnalysisOSC */;
			projectDirPath = "";
			projectRoot = "";
			targets = (
				8D1107260486CEB800E47090 /* AudioAnalysisOSC */,
			);
		};
/* End PBXProject section */

/* Begin PBXResourcesBuildPhase section */
		8D1107290486CEB800E47090 /* Resources */ = {
			isa = PBXResourcesBuildPhase;
			buildActionMask = 2147483647;
			files = (
				E0A7252249B24A37B65F4869 /* CinderApp.icns in Resources */,
			);
			runOnlyForDeploymentPostprocessing = 0;
		};
/* End PBXResourcesBuildPhase section */

/* Begin PBXSourcesBuildPhase section */
		8D11072C0486CEB800E47090 /* Sources */ = {
			isa = PBXSourcesBuildPhase;
			buildActionMask = 2147483647;
			files = (
				661EB817593446629B6DAF19 /* AudioAnalysisOSCApp.cpp in Sources */,
				5F096BF9EB1F4AF68ECA0E59 /* OscBundle.cpp in Sources */,
				8B50352D93654AE19DBC9AAD /* OscListener.cpp in Sources */,
				822DB89ECE1740E1BCEE18D4 /* OscMessage.cpp in Sources */,
				4EE9BA91DD05494AB9C721E7 /* OscSender.cpp in Sources */,
				FB623705A8FD412497CCD2F4 /* IpEndpointName.cpp in Sources */,
				2591A17645B047E2AB32336D /* OscOutboundPacketStream.cpp in Sources */,
				AAC29868611B4BF4B3431010 /* OscPrintReceivedElements.cpp in Sources */,
				55CE845CD41241FFBA2D167A /* OscReceivedElements.cpp in Sources */,
				E499649641AE451088768035 /* OscTypes.cpp in Sources */,
				376DF0B0C7C64F16A5642D58 /* NetworkingUtils.cpp in Sources */,
				B21EDF87FC3F42C0B24030A9 /* UdpSocket.cpp in Sources */,
			);
			runOnlyForDeploymentPostprocessing = 0;
		};
/* End PBXSourcesBuildPhase section */

/* Begin XCBuildConfiguration section */
		C01FCF4B08A954540054247B /* Debug */ = {
			isa = XCBuildConfiguration;
			buildSettings = {
				COMBINE_HIDPI_IMAGES = YES;
				COPY_PHASE_STRIP = NO;
				DEAD_CODE_STRIPPING = YES;
				GCC_DYNAMIC_NO_PIC = NO;
				GCC_INLINES_ARE_PRIVATE_EXTERN = YES;
				GCC_OPTIMIZATION_LEVEL = 0;
				GCC_PRECOMPILE_PREFIX_HEADER = YES;
				GCC_PREFIX_HEADER = AudioAnalysisOSC_Prefix.pch;
				GCC_PREPROCESSOR_DEFINITIONS = (
					"DEBUG=1",
					"$(inherited)",
				);
				GCC_SYMBOLS_PRIVATE_EXTERN = NO;
				INFOPLIST_FILE = Info.plist;
				INSTALL_PATH = "$(HOME)/Applications";
				OTHER_LDFLAGS = "\"$(CINDER_PATH)/lib/libcinder_d.a\"";
				PRODUCT_NAME = AudioAnalysisOSC;
				SYMROOT = ./build;
				WRAPPER_EXTENSION = app;
			};
			name = Debug;
		};
		C01FCF4C08A954540054247B /* Release */ = {
			isa = XCBuildConfiguration;
			buildSettings = {
				COMBINE_HIDPI_IMAGES = YES;
				DEAD_CODE_STRIPPING = YES;
				DEBUG_INFORMATION_FORMAT = "dwarf-with-dsym";
				GCC_FAST_MATH = YES;
				GCC_GENERATE_DEBUGGING_SYMBOLS = NO;
				GCC_INLINES_ARE_PRIVATE_EXTERN = YES;
				GCC_OPTIMIZATION_LEVEL = 3;
				GCC_PRECOMPILE_PREFIX_HEADER = YES;
				GCC_PREFIX_HEADER = AudioAnalysisOSC_Prefix.pch;
				GCC_SYMBOLS_PRIVATE_EXTERN = NO;
				INFOPLIST_FILE = Info.plist;
				INSTALL_PATH = "$(HOME)/Applications";
				OTHER_LDFLAGS = "\"$(CINDER_PATH)/lib/libcinder.a\"";
				PRODUCT_NAME = AudioAnalysisOSC;
				STRIP_INSTALLED_PRODUCT = YES;
				SYMROOT = ./build;
				WRAPPER_EXTENSION = app;
			};
			name = Release;
		};
		C01FCF4F08A954540054247B /* Debug */ = {
			isa = XCBuildConfiguration;
			buildSettings = {
				ALWAYS_SEARCH_USER_PATHS = NO;
				CINDER_PATH = ../../../cinder_0.8.5_mac;
				CLANG_CXX_LANGUAGE_STANDARD = "c++0x";
				CLANG_CXX_LIBRARY = "libc++";
				GCC_WARN_ABOUT_RETURN_TYPE = YES;
				GCC_WARN_UNUSED_VARIABLE = YES;
				HEADER_SEARCH_PATHS = "\"$(CINDER_PATH)/boost\"";
				MACOSX_DEPLOYMENT_TARGET = 10.7;
				ONLY_ACTIVE_ARCH = YES;
				SDKROOT = macosx;
				USER_HEADER_SEARCH_PATHS = "\"$(CINDER_PATH)/include\" ../include ../../../cinder_0.8.5_mac/blocks/OSC/src";
			};
			name = Debug;
		};
		C01FCF5008A954540054247B /* Release */ = {
			isa = XCBuildConfiguration;
			buildSettings = {
				ALWAYS_SEARCH_USER_PATHS = NO;
				CINDER_PATH = ../../../cinder_0.8.5_mac;
				CLANG_CXX_LANGUAGE_STANDARD = "c++0x";
				CLANG_CXX_LIBRARY = "libc++";
				GCC_WARN_ABOUT_RETURN_TYPE = YES;
				GCC_WARN_UNUSED_VARIABLE = YES;
				HEADER_SEARCH_PATHS = "\"$(CINDER_PATH)/boost\"";
				MACOSX_DEPLOYMENT_TARGET = 10.7;
				SDKROOT = macosx;
				USER_HEADER_SEARCH_PATHS = "\"$(CINDER_PATH)/include\" ../include ../../../cinder_0.8.5_mac/blocks/OSC/src";
			};
			name = Release;
		};
/* End XCBuildConfiguration section */

/* Begin XCConfigurationList section */
		C01FCF4A08A954540054247B /* Build configuration list for PBXNativeTarget "AudioAnalysisOSC" */ = {
			isa = XCConfigurationList;
			buildConfigurations = (
				C01FCF4B08A954540054247B /* Debug */,
				C01FCF4C08A954540054247B /* Release */,
			);
			defaultConfigurationIsVisible = 0;
			defaultConfigurationName = Release;
		};
		C01FCF4E08A954540054247B /* Build configuration list for PBXProject "AudioAnalysisOSC" */ = {
			isa = XCConfigurationList;
			buildConfigurations = (
				C01FCF4F08A954540054247B /* Debug */,
				C01FCF5008A954540054247B /* Release */,
			);
			defaultConfigurationIsVisible = 0;
			defaultConfigurationName = Release;
		};
/* End XCConfigurationList section */
	};
	rootObject = 29B97313FDCFA39411CA2CEA /* Project object */;
}
